// !$*UTF8*$!
{
	archiveVersion = 1;
	classes = {
	};
	objectVersion = 46;
	objects = {

/* Begin PBXBuildFile section */
		638121321D3EA160002857F2 /* AppDelegate.swift in Sources */ = {isa = PBXBuildFile; fileRef = 638121311D3EA160002857F2 /* AppDelegate.swift */; };
		638121391D3EA160002857F2 /* Main.storyboard in Resources */ = {isa = PBXBuildFile; fileRef = 638121371D3EA160002857F2 /* Main.storyboard */; };
		6381213B1D3EA160002857F2 /* Assets.xcassets in Resources */ = {isa = PBXBuildFile; fileRef = 6381213A1D3EA160002857F2 /* Assets.xcassets */; };
		6381213E1D3EA160002857F2 /* LaunchScreen.storyboard in Resources */ = {isa = PBXBuildFile; fileRef = 6381213C1D3EA160002857F2 /* LaunchScreen.storyboard */; };
		638121461D3EA285002857F2 /* UsersTableViewController.swift in Sources */ = {isa = PBXBuildFile; fileRef = 638121451D3EA285002857F2 /* UsersTableViewController.swift */; };
		638121481D3EA29A002857F2 /* UserDetailViewController.swift in Sources */ = {isa = PBXBuildFile; fileRef = 638121471D3EA29A002857F2 /* UserDetailViewController.swift */; };
		638121681D3EA63B002857F2 /* GithubUser.swift in Sources */ = {isa = PBXBuildFile; fileRef = 638121671D3EA63B002857F2 /* GithubUser.swift */; };
		6381216A1D3EA7A0002857F2 /* UserTableViewCell.swift in Sources */ = {isa = PBXBuildFile; fileRef = 638121691D3EA7A0002857F2 /* UserTableViewCell.swift */; };
		6381216C1D3EB3AA002857F2 /* GithubConnector.swift in Sources */ = {isa = PBXBuildFile; fileRef = 6381216B1D3EB3AA002857F2 /* GithubConnector.swift */; };
/* End PBXBuildFile section */

/* Begin PBXFileReference section */
		6381212E1D3EA15E002857F2 /* githubUsers.app */ = {isa = PBXFileReference; explicitFileType = wrapper.application; includeInIndex = 0; path = githubUsers.app; sourceTree = BUILT_PRODUCTS_DIR; };
		638121311D3EA160002857F2 /* AppDelegate.swift */ = {isa = PBXFileReference; lastKnownFileType = sourcecode.swift; path = AppDelegate.swift; sourceTree = "<group>"; };
		638121381D3EA160002857F2 /* Base */ = {isa = PBXFileReference; lastKnownFileType = file.storyboard; name = Base; path = Base.lproj/Main.storyboard; sourceTree = "<group>"; };
		6381213A1D3EA160002857F2 /* Assets.xcassets */ = {isa = PBXFileReference; lastKnownFileType = folder.assetcatalog; path = Assets.xcassets; sourceTree = "<group>"; };
		6381213D1D3EA160002857F2 /* Base */ = {isa = PBXFileReference; lastKnownFileType = file.storyboard; name = Base; path = Base.lproj/LaunchScreen.storyboard; sourceTree = "<group>"; };
		6381213F1D3EA160002857F2 /* Info.plist */ = {isa = PBXFileReference; lastKnownFileType = text.plist.xml; path = Info.plist; sourceTree = "<group>"; };
		638121451D3EA285002857F2 /* UsersTableViewController.swift */ = {isa = PBXFileReference; fileEncoding = 4; lastKnownFileType = sourcecode.swift; path = UsersTableViewController.swift; sourceTree = "<group>"; };
		638121471D3EA29A002857F2 /* UserDetailViewController.swift */ = {isa = PBXFileReference; fileEncoding = 4; lastKnownFileType = sourcecode.swift; path = UserDetailViewController.swift; sourceTree = "<group>"; };
		638121671D3EA63B002857F2 /* GithubUser.swift */ = {isa = PBXFileReference; fileEncoding = 4; lastKnownFileType = sourcecode.swift; path = GithubUser.swift; sourceTree = "<group>"; };
		638121691D3EA7A0002857F2 /* UserTableViewCell.swift */ = {isa = PBXFileReference; fileEncoding = 4; lastKnownFileType = sourcecode.swift; path = UserTableViewCell.swift; sourceTree = "<group>"; };
		6381216B1D3EB3AA002857F2 /* GithubConnector.swift */ = {isa = PBXFileReference; fileEncoding = 4; lastKnownFileType = sourcecode.swift; path = GithubConnector.swift; sourceTree = "<group>"; };
/* End PBXFileReference section */

/* Begin PBXFrameworksBuildPhase section */
		6381212B1D3EA15E002857F2 /* Frameworks */ = {
			isa = PBXFrameworksBuildPhase;
			buildActionMask = 2147483647;
			files = (
			);
			runOnlyForDeploymentPostprocessing = 0;
		};
/* End PBXFrameworksBuildPhase section */

/* Begin PBXGroup section */
		638121251D3EA15E002857F2 = {
			isa = PBXGroup;
			children = (
				638121301D3EA160002857F2 /* githubUsers */,
				6381212F1D3EA15E002857F2 /* Products */,
			);
			sourceTree = "<group>";
		};
		6381212F1D3EA15E002857F2 /* Products */ = {
			isa = PBXGroup;
			children = (
				6381212E1D3EA15E002857F2 /* githubUsers.app */,
			);
			name = Products;
			sourceTree = "<group>";
		};
		638121301D3EA160002857F2 /* githubUsers */ = {
			isa = PBXGroup;
			children = (
				638121311D3EA160002857F2 /* AppDelegate.swift */,
				638121371D3EA160002857F2 /* Main.storyboard */,
				638121671D3EA63B002857F2 /* GithubUser.swift */,
				638121451D3EA285002857F2 /* UsersTableViewController.swift */,
				638121691D3EA7A0002857F2 /* UserTableViewCell.swift */,
				638121471D3EA29A002857F2 /* UserDetailViewController.swift */,
				6381216B1D3EB3AA002857F2 /* GithubConnector.swift */,
				6381213A1D3EA160002857F2 /* Assets.xcassets */,
				6381213C1D3EA160002857F2 /* LaunchScreen.storyboard */,
				6381213F1D3EA160002857F2 /* Info.plist */,
			);
			path = githubUsers;
			sourceTree = "<group>";
		};
/* End PBXGroup section */

/* Begin PBXNativeTarget section */
		6381212D1D3EA15E002857F2 /* githubUsers */ = {
			isa = PBXNativeTarget;
			buildConfigurationList = 638121421D3EA160002857F2 /* Build configuration list for PBXNativeTarget "githubUsers" */;
			buildPhases = (
				6381212A1D3EA15E002857F2 /* Sources */,
				6381212B1D3EA15E002857F2 /* Frameworks */,
				6381212C1D3EA15E002857F2 /* Resources */,
			);
			buildRules = (
			);
			dependencies = (
			);
			name = githubUsers;
			productName = githubUsers;
			productReference = 6381212E1D3EA15E002857F2 /* githubUsers.app */;
			productType = "com.apple.product-type.application";
		};
/* End PBXNativeTarget section */

/* Begin PBXProject section */
		638121261D3EA15E002857F2 /* Project object */ = {
			isa = PBXProject;
			attributes = {
				LastSwiftUpdateCheck = 0730;
				LastUpgradeCheck = 0730;
				ORGANIZATIONNAME = Lesha;
				TargetAttributes = {
					6381212D1D3EA15E002857F2 = {
						CreatedOnToolsVersion = 7.3.1;
					};
				};
			};
			buildConfigurationList = 638121291D3EA15E002857F2 /* Build configuration list for PBXProject "githubUsers" */;
			compatibilityVersion = "Xcode 3.2";
			developmentRegion = English;
			hasScannedForEncodings = 0;
			knownRegions = (
				en,
				Base,
			);
			mainGroup = 638121251D3EA15E002857F2;
			productRefGroup = 6381212F1D3EA15E002857F2 /* Products */;
			projectDirPath = "";
			projectRoot = "";
			targets = (
				6381212D1D3EA15E002857F2 /* githubUsers */,
			);
		};
/* End PBXProject section */

/* Begin PBXResourcesBuildPhase section */
		6381212C1D3EA15E002857F2 /* Resources */ = {
			isa = PBXResourcesBuildPhase;
			buildActionMask = 2147483647;
			files = (
				6381213E1D3EA160002857F2 /* LaunchScreen.storyboard in Resources */,
				6381213B1D3EA160002857F2 /* Assets.xcassets in Resources */,
				638121391D3EA160002857F2 /* Main.storyboard in Resources */,
			);
			runOnlyForDeploymentPostprocessing = 0;
		};
/* End PBXResourcesBuildPhase section */

/* Begin PBXSourcesBuildPhase section */
		6381212A1D3EA15E002857F2 /* Sources */ = {
			isa = PBXSourcesBuildPhase;
			buildActionMask = 2147483647;
			files = (
				6381216C1D3EB3AA002857F2 /* GithubConnector.swift in Sources */,
				638121481D3EA29A002857F2 /* UserDetailViewController.swift in Sources */,
				638121681D3EA63B002857F2 /* GithubUser.swift in Sources */,
				638121461D3EA285002857F2 /* UsersTableViewController.swift in Sources */,
				638121321D3EA160002857F2 /* AppDelegate.swift in Sources */,
				6381216A1D3EA7A0002857F2 /* UserTableViewCell.swift in Sources */,
			);
			runOnlyForDeploymentPostprocessing = 0;
		};
/* End PBXSourcesBuildPhase section */

/* Begin PBXVariantGroup section */
		638121371D3EA160002857F2 /* Main.storyboard */ = {
			isa = PBXVariantGroup;
			children = (
				638121381D3EA160002857F2 /* Base */,
			);
			name = Main.storyboard;
			sourceTree = "<group>";
		};
		6381213C1D3EA160002857F2 /* LaunchScreen.storyboard */ = {
			isa = PBXVariantGroup;
			children = (
				6381213D1D3EA160002857F2 /* Base */,
			);
			name = LaunchScreen.storyboard;
			sourceTree = "<group>";
		};
/* End PBXVariantGroup section */

/* Begin XCBuildConfiguration section */
		638121401D3EA160002857F2 /* Debug */ = {
			isa = XCBuildConfiguration;
			buildSettings = {
				ALWAYS_SEARCH_USER_PATHS = NO;
				CLANG_ANALYZER_NONNULL = YES;
				CLANG_CXX_LANGUAGE_STANDARD = "gnu++0x";
				CLANG_CXX_LIBRARY = "libc++";
				CLANG_ENABLE_MODULES = YES;
				CLANG_ENABLE_OBJC_ARC = YES;
				CLANG_WARN_BOOL_CONVERSION = YES;
				CLANG_WARN_CONSTANT_CONVERSION = YES;
				CLANG_WARN_DIRECT_OBJC_ISA_USAGE = YES_ERROR;
				CLANG_WARN_EMPTY_BODY = YES;
				CLANG_WARN_ENUM_CONVERSION = YES;
				CLANG_WARN_INT_CONVERSION = YES;
				CLANG_WARN_OBJC_ROOT_CLASS = YES_ERROR;
				CLANG_WARN_UNREACHABLE_CODE = YES;
				CLANG_WARN__DUPLICATE_METHOD_MATCH = YES;
				"CODE_SIGN_IDENTITY[sdk=iphoneos*]" = "iPhone Developer";
				COPY_PHASE_STRIP = NO;
				DEBUG_INFORMATION_FORMAT = dwarf;
				ENABLE_STRICT_OBJC_MSGSEND = YES;
				ENABLE_TESTABILITY = YES;
				GCC_C_LANGUAGE_STANDARD = gnu99;
				GCC_DYNAMIC_NO_PIC = NO;
				GCC_NO_COMMON_BLOCKS = YES;
				GCC_OPTIMIZATION_LEVEL = 0;
				GCC_PREPROCESSOR_DEFINITIONS = (
					"DEBUG=1",
					"$(inherited)",
				);
				GCC_WARN_64_TO_32_BIT_CONVERSION = YES;
				GCC_WARN_ABOUT_RETURN_TYPE = YES_ERROR;
				GCC_WARN_UNDECLARED_SELECTOR = YES;
				GCC_WARN_UNINITIALIZED_AUTOS = YES_AGGRESSIVE;
				GCC_WARN_UNUSED_FUNCTION = YES;
				GCC_WARN_UNUSED_VARIABLE = YES;
				IPHONEOS_DEPLOYMENT_TARGET = 9.3;
				MTL_ENABLE_DEBUG_INFO = YES;
				ONLY_ACTIVE_ARCH = YES;
				SDKROOT = iphoneos;
				SWIFT_OPTIMIZATION_LEVEL = "-Onone";
				TARGETED_DEVICE_FAMILY = "1,2";
			};
			name = Debug;
		};
		638121411D3EA160002857F2 /* Release */ = {
			isa = XCBuildConfiguration;
			buildSettings = {
				ALWAYS_SEARCH_USER_PATHS = NO;
				CLANG_ANALYZER_NONNULL = YES;
				CLANG_CXX_LANGUAGE_STANDARD = "gnu++0x";
				CLANG_CXX_LIBRARY = "libc++";
				CLANG_ENABLE_MODULES = YES;
				CLANG_ENABLE_OBJC_ARC = YES;
				CLANG_WARN_BOOL_CONVERSION = YES;
				CLANG_WARN_CONSTANT_CONVERSION = YES;
				CLANG_WARN_DIRECT_OBJC_ISA_USAGE = YES_ERROR;
				CLANG_WARN_EMPTY_BODY = YES;
				CLANG_WARN_ENUM_CONVERSION = YES;
				CLANG_WARN_INT_CONVERSION = YES;
				CLANG_WARN_OBJC_ROOT_CLASS = YES_ERROR;
				CLANG_WARN_UNREACHABLE_CODE = YES;
				CLANG_WARN__DUPLICATE_METHOD_MATCH = YES;
				"CODE_SIGN_IDENTITY[sdk=iphoneos*]" = "iPhone Developer";
				COPY_PHASE_STRIP = NO;
				DEBUG_INFORMATION_FORMAT = "dwarf-with-dsym";
				ENABLE_NS_ASSERTIONS = NO;
				ENABLE_STRICT_OBJC_MSGSEND = YES;
				GCC_C_LANGUAGE_STANDARD = gnu99;
				GCC_NO_COMMON_BLOCKS = YES;
				GCC_WARN_64_TO_32_BIT_CONVERSION = YES;
				GCC_WARN_ABOUT_RETURN_TYPE = YES_ERROR;
				GCC_WARN_UNDECLARED_SELECTOR = YES;
				GCC_WARN_UNINITIALIZED_AUTOS = YES_AGGRESSIVE;
				GCC_WARN_UNUSED_FUNCTION = YES;
				GCC_WARN_UNUSED_VARIABLE = YES;
				IPHONEOS_DEPLOYMENT_TARGET = 9.3;
				MTL_ENABLE_DEBUG_INFO = NO;
				SDKROOT = iphoneos;
				TARGETED_DEVICE_FAMILY = "1,2";
				VALIDATE_PRODUCT = YES;
			};
			name = Release;
		};
		638121431D3EA160002857F2 /* Debug */ = {
			isa = XCBuildConfiguration;
			buildSettings = {
				ASSETCATALOG_COMPILER_APPICON_NAME = AppIcon;
				INFOPLIST_FILE = githubUsers/Info.plist;
				LD_RUNPATH_SEARCH_PATHS = "$(inherited) @executable_path/Frameworks";
				PRODUCT_BUNDLE_IDENTIFIER = test.githubUsers;
				PRODUCT_NAME = "$(TARGET_NAME)";
			};
			name = Debug;
		};
		638121441D3EA160002857F2 /* Release */ = {
			isa = XCBuildConfiguration;
			buildSettings = {
				ASSETCATALOG_COMPILER_APPICON_NAME = AppIcon;
				INFOPLIST_FILE = githubUsers/Info.plist;
				LD_RUNPATH_SEARCH_PATHS = "$(inherited) @executable_path/Frameworks";
				PRODUCT_BUNDLE_IDENTIFIER = test.githubUsers;
				PRODUCT_NAME = "$(TARGET_NAME)";
			};
			name = Release;
		};
/* End XCBuildConfiguration section */

/* Begin XCConfigurationList section */
		638121291D3EA15E002857F2 /* Build configuration list for PBXProject "githubUsers" */ = {
			isa = XCConfigurationList;
			buildConfigurations = (
				638121401D3EA160002857F2 /* Debug */,
				638121411D3EA160002857F2 /* Release */,
			);
			defaultConfigurationIsVisible = 0;
			defaultConfigurationName = Release;
		};
		638121421D3EA160002857F2 /* Build configuration list for PBXNativeTarget "githubUsers" */ = {
			isa = XCConfigurationList;
			buildConfigurations = (
				638121431D3EA160002857F2 /* Debug */,
				638121441D3EA160002857F2 /* Release */,
			);
			defaultConfigurationIsVisible = 0;
		};
/* End XCConfigurationList section */
	};
	rootObject = 638121261D3EA15E002857F2 /* Project object */;
}
